<?xml version="1.0" encoding="utf-8"?>
<Project ToolsVersion="4.0" xmlns="http://schemas.microsoft.com/developer/msbuild/2003">
  <ItemGroup>
    <Filter Include="소스 파일">
      <UniqueIdentifier>{4FC737F1-C7A5-4376-A066-2A32D752A2FF}</UniqueIdentifier>
      <Extensions>cpp;c;cc;cxx;c++;cppm;ixx;def;odl;idl;hpj;bat;asm;asmx</Extensions>
    </Filter>
    <Filter Include="헤더 파일">
      <UniqueIdentifier>{93995380-89BD-4b04-88EB-625FBE52EBFB}</UniqueIdentifier>
      <Extensions>h;hh;hpp;hxx;h++;hm;inl;inc;ipp;xsd</Extensions>
    </Filter>
    <Filter Include="리소스 파일">
      <UniqueIdentifier>{67DA6AB6-F800-4c08-8B7A-83BB121AAD01}</UniqueIdentifier>
      <Extensions>rc;ico;cur;bmp;dlg;rc2;rct;bin;rgs;gif;jpg;jpeg;jpe;resx;tiff;tif;png;wav;mfcribbon-ms</Extensions>
    </Filter>
    <Filter Include="소스 파일\Homework_1">
      <UniqueIdentifier>{176918bc-09fd-4a7e-8104-1c6fc2c073cf}</UniqueIdentifier>
    </Filter>
    <Filter Include="소스 파일\Homework_2">
      <UniqueIdentifier>{b745b10d-7881-4516-8368-60c4bca37579}</UniqueIdentifier>
    </Filter>
    <Filter Include="소스 파일\Homework_3">
      <UniqueIdentifier>{f2e6ddc9-c3bf-4ae3-9a4b-970fbd85e4a8}</UniqueIdentifier>
    </Filter>
    <Filter Include="소스 파일\Practice_3">
      <UniqueIdentifier>{dbe37f99-1d85-42fb-8b61-1ed9d3d32956}</UniqueIdentifier>
    </Filter>
    <Filter Include="소스 파일\Practice_2">
      <UniqueIdentifier>{7e104a91-5d00-4eaa-a04b-12c5281e7e9d}</UniqueIdentifier>
    </Filter>
    <Filter Include="소스 파일\Practice_1">
      <UniqueIdentifier>{7a1b82e8-bbce-495b-9d35-ebca5abd1a91}</UniqueIdentifier>
    </Filter>
    <Filter Include="소스 파일\Homework_4">
      <UniqueIdentifier>{1a7e0414-ad11-48ed-93b8-1dce956352c7}</UniqueIdentifier>
    </Filter>
    <Filter Include="소스 파일\Homework_5">
      <UniqueIdentifier>{e159c671-328d-4d74-8dcc-15d5d860b453}</UniqueIdentifier>
    </Filter>
    <Filter Include="소스 파일\Practice_5">
      <UniqueIdentifier>{e1755c3d-e149-4cc2-9c17-10e680984e09}</UniqueIdentifier>
    </Filter>
    <Filter Include="소스 파일\Test1">
      <UniqueIdentifier>{2d9a57ae-222d-43f1-bede-bb779e272c34}</UniqueIdentifier>
    </Filter>
    <Filter Include="소스 파일\Practice_4">
      <UniqueIdentifier>{570495f0-c92b-44a2-a2d3-471f69f1c8f9}</UniqueIdentifier>
    </Filter>
    <Filter Include="소스 파일\Homework_6">
      <UniqueIdentifier>{a5420bc9-3202-4a53-b1d0-5230eab45474}</UniqueIdentifier>
    </Filter>
    <Filter Include="소스 파일\Practice_6">
      <UniqueIdentifier>{fa65dfab-4dee-4ecc-8881-545a73189931}</UniqueIdentifier>
    </Filter>
  </ItemGroup>
  <ItemGroup>
    <ClCompile Include="baekjoon1100하얀칸.cpp">
      <Filter>소스 파일\Homework_1</Filter>
    </ClCompile>
    <ClCompile Include="baekjoon10250ACM호텔.cpp">
      <Filter>소스 파일\Homework_1</Filter>
    </ClCompile>
    <ClCompile Include="baekjoon13413오셀로배치.cpp">
      <Filter>소스 파일\Homework_1</Filter>
    </ClCompile>
    <ClCompile Include="test.cpp">
      <Filter>소스 파일\Homework_1</Filter>
    </ClCompile>
    <ClCompile Include="TU0071십자말풀이.cpp">
      <Filter>소스 파일\Homework_1</Filter>
    </ClCompile>
    <ClCompile Include="TU0079문자열폭발.cpp">
      <Filter>소스 파일\Homework_1</Filter>
    </ClCompile>
    <ClCompile Include="Programers17682.cpp">
      <Filter>소스 파일\Homework_1</Filter>
    </ClCompile>
    <ClCompile Include="baekjoon11047동전.cpp">
      <Filter>소스 파일\Homework_2</Filter>
    </ClCompile>
    <ClCompile Include="baekjoon2798블랙잭조합사용.cpp">
      <Filter>소스 파일\Homework_2</Filter>
    </ClCompile>
    <ClCompile Include="TU0067자산증감.cpp">
      <Filter>소스 파일\Homework_2</Filter>
    </ClCompile>
    <ClCompile Include="Programers42862.cpp">
      <Filter>소스 파일\Homework_2</Filter>
    </ClCompile>
    <ClCompile Include="상하좌우.cpp">
      <Filter>소스 파일\Homework_2</Filter>
    </ClCompile>
    <ClCompile Include="왕실의 나이트.cpp">
      <Filter>소스 파일\Homework_2</Filter>
    </ClCompile>
    <ClCompile Include="TU0099.cpp">
      <Filter>소스 파일\Homework_2</Filter>
    </ClCompile>
    <ClCompile Include="TU0067-2.py">
      <Filter>소스 파일\Homework_2</Filter>
    </ClCompile>
    <ClCompile Include="baekjoon1260%28bfs_dfs%29.cpp">
      <Filter>소스 파일\Homework_3</Filter>
    </ClCompile>
    <ClCompile Include="baekjonn4963.cpp">
      <Filter>소스 파일\Homework_3</Filter>
    </ClCompile>
    <ClCompile Include="얼려먹기.cpp">
      <Filter>소스 파일\Practice_3</Filter>
    </ClCompile>
    <ClCompile Include="미로탈출.cpp">
      <Filter>소스 파일\Practice_3</Filter>
    </ClCompile>
    <ClCompile Include="baekjoon1697숨박꼭질.cpp">
      <Filter>소스 파일\Homework_3</Filter>
    </ClCompile>
    <ClCompile Include="TU0045.cpp">
      <Filter>소스 파일\Homework_3</Filter>
    </ClCompile>
    <ClCompile Include="programers43164.cpp">
      <Filter>소스 파일\Homework_3</Filter>
    </ClCompile>
    <ClCompile Include="TU0045_중요한교차로_복습.cpp">
      <Filter>소스 파일\Homework_3</Filter>
    </ClCompile>
    <ClCompile Include="baekjoon1987.cpp">
      <Filter>소스 파일\Homework_3</Filter>
    </ClCompile>
    <ClCompile Include="baekjoon1991.cpp">
      <Filter>소스 파일\Homework_3</Filter>
    </ClCompile>
    <ClCompile Include="어피치라이언양궁.cpp">
      <Filter>소스 파일\Practice_3</Filter>
    </ClCompile>
    <ClCompile Include="Programers43165%28타겟넘버%29.cpp">
      <Filter>소스 파일\Practice_3</Filter>
    </ClCompile>
    <ClCompile Include="가장많이받은선물.cpp">
      <Filter>소스 파일\Practice_1</Filter>
    </ClCompile>
    <ClCompile Include="baekjoon5585거스름돈0.cpp">
      <Filter>소스 파일\Practice_2</Filter>
    </ClCompile>
    <ClCompile Include="baekjoon16963AtoB.cpp">
      <Filter>소스 파일\Practice_2</Filter>
    </ClCompile>
    <ClCompile Include="카드뭉치코인programers.cpp">
      <Filter>소스 파일\Practice_2</Filter>
    </ClCompile>
    <ClCompile Include="programers재밌는레이싱_순열사용시간초.cpp">
      <Filter>소스 파일\Practice_2</Filter>
    </ClCompile>
    <ClCompile Include="baekjoon1026보물.cpp">
      <Filter>소스 파일\Practice_2</Filter>
    </ClCompile>
    <ClCompile Include="tukorea0002당구게임.cpp">
      <Filter>소스 파일\Practice_1</Filter>
    </ClCompile>
    <ClCompile Include="baekjoon2720세탁소거스름.cpp">
      <Filter>소스 파일\Practice_2</Filter>
    </ClCompile>
    <ClCompile Include="baekjoon2178미로탐색.cpp">
      <Filter>소스 파일\Practice_3</Filter>
    </ClCompile>
    <ClCompile Include="baekjoon7576토마토.cpp">
      <Filter>소스 파일\Practice_3</Filter>
    </ClCompile>
    <ClCompile Include="baekjoon1012유기농배추.cpp">
      <Filter>소스 파일\Practice_3</Filter>
    </ClCompile>
    <ClCompile Include="baekjoon2468안전영역.cpp">
      <Filter>소스 파일\Practice_3</Filter>
    </ClCompile>
    <ClCompile Include="baekjoon3055고슴도치탈출.cpp">
      <Filter>소스 파일\Practice_3</Filter>
    </ClCompile>
    <ClCompile Include="tukorea0001소수회문.cpp">
      <Filter>소스 파일\Practice_1</Filter>
    </ClCompile>
    <ClCompile Include="TU0018수퍼히어로점프.cpp">
      <Filter>소스 파일\Practice_3</Filter>
    </ClCompile>
    <ClCompile Include="TU0035사회적거리두기.cpp">
      <Filter>소스 파일\Practice_2</Filter>
    </ClCompile>
    <ClCompile Include="baekjoon11034캥거루3마리.cpp">
      <Filter>소스 파일\Practice_2</Filter>
    </ClCompile>
    <ClCompile Include="카카오컬러링북.cpp">
      <Filter>소스 파일\Practice_3</Filter>
    </ClCompile>
    <ClCompile Include="경주로건설.cpp">
      <Filter>소스 파일\Practice_3</Filter>
    </ClCompile>
    <ClCompile Include="1.test05.cpp">
      <Filter>소스 파일\Practice_3</Filter>
    </ClCompile>
    <ClCompile Include="baekjoon13416주식투자.cpp">
      <Filter>소스 파일\Homework_4</Filter>
    </ClCompile>
    <ClCompile Include="baekjoon1931회의실배정.cpp">
      <Filter>소스 파일\Homework_4</Filter>
    </ClCompile>
    <ClCompile Include="TU0063행렬게임.cpp">
      <Filter>소스 파일\Homework_4</Filter>
    </ClCompile>
    <ClCompile Include="programers42889실패율.cpp">
      <Filter>소스 파일\Homework_4</Filter>
    </ClCompile>
    <ClCompile Include="baekjoon14469소.cpp">
      <Filter>소스 파일\Homework_4</Filter>
    </ClCompile>
    <ClCompile Include="baekjoon2805나무자르기.cpp">
      <Filter>소스 파일\Homework_5</Filter>
    </ClCompile>
    <ClCompile Include="어두운굴다리.cpp">
      <Filter>소스 파일\Homework_5</Filter>
    </ClCompile>
    <ClCompile Include="사칙연산.cpp">
      <Filter>소스 파일\Homework_5</Filter>
    </ClCompile>
    <ClCompile Include="postfix.cpp">
      <Filter>소스 파일\Homework_5</Filter>
    </ClCompile>
    <ClCompile Include="programers17681비밀지도.cpp">
      <Filter>소스 파일\Homework_5</Filter>
    </ClCompile>
    <ClCompile Include="공유기설치.cpp">
      <Filter>소스 파일\Homework_5</Filter>
    </ClCompile>
    <ClCompile Include="1test01.cpp">
      <Filter>소스 파일\Test1</Filter>
    </ClCompile>
    <ClCompile Include="1test03.cpp">
      <Filter>소스 파일\Test1</Filter>
    </ClCompile>
    <ClCompile Include="FileName.cpp">
      <Filter>소스 파일\Test1</Filter>
    </ClCompile>
    <ClCompile Include="랜선자르기.cpp">
      <Filter>소스 파일\Practice_5</Filter>
    </ClCompile>
    <ClCompile Include="예산.cpp">
      <Filter>소스 파일\Homework_5</Filter>
    </ClCompile>
    <ClCompile Include="백준_두용액.cpp">
      <Filter>소스 파일\Practice_4</Filter>
    </ClCompile>
    <ClCompile Include="정수삼각형.cpp">
      <Filter>소스 파일\Homework_6</Filter>
    </ClCompile>
    <ClCompile Include="개미전사.cpp">
      <Filter>소스 파일\Practice_6</Filter>
    </ClCompile>
    <ClCompile Include="1로만들기.cpp">
      <Filter>소스 파일\Practice_6</Filter>
    </ClCompile>
    <ClCompile Include="도둑질.cpp">
      <Filter>소스 파일\Homework_6</Filter>
    </ClCompile>
    <ClCompile Include="1로만들기숙제.cpp">
      <Filter>소스 파일\Homework_6</Filter>
    </ClCompile>
    <ClCompile Include="설탕봉지.cpp">
      <Filter>소스 파일\Homework_6</Filter>
    </ClCompile>
  </ItemGroup>
</Project>