<?xml version="1.0" encoding="utf-8"?>
<Project ToolsVersion="4.0" xmlns="http://schemas.microsoft.com/developer/msbuild/2003">
  <ItemGroup>
    <Filter Include="소스 파일">
      <UniqueIdentifier>{4FC737F1-C7A5-4376-A066-2A32D752A2FF}</UniqueIdentifier>
      <Extensions>cpp;c;cc;cxx;c++;cppm;ixx;def;odl;idl;hpj;bat;asm;asmx</Extensions>
    </Filter>
    <Filter Include="헤더 파일">
      <UniqueIdentifier>{93995380-89BD-4b04-88EB-625FBE52EBFB}</UniqueIdentifier>
      <Extensions>h;hh;hpp;hxx;h++;hm;inl;inc;ipp;xsd</Extensions>
    </Filter>
    <Filter Include="리소스 파일">
      <UniqueIdentifier>{67DA6AB6-F800-4c08-8B7A-83BB121AAD01}</UniqueIdentifier>
      <Extensions>rc;ico;cur;bmp;dlg;rc2;rct;bin;rgs;gif;jpg;jpeg;jpe;resx;tiff;tif;png;wav;mfcribbon-ms</Extensions>
    </Filter>
    <Filter Include="소스 파일\Homework_1">
      <UniqueIdentifier>{176918bc-09fd-4a7e-8104-1c6fc2c073cf}</UniqueIdentifier>
    </Filter>
    <Filter Include="소스 파일\Homework_2">
      <UniqueIdentifier>{b745b10d-7881-4516-8368-60c4bca37579}</UniqueIdentifier>
    </Filter>
    <Filter Include="소스 파일\Homework_3">
      <UniqueIdentifier>{f2e6ddc9-c3bf-4ae3-9a4b-970fbd85e4a8}</UniqueIdentifier>
    </Filter>
    <Filter Include="소스 파일\Practice_3">
      <UniqueIdentifier>{dbe37f99-1d85-42fb-8b61-1ed9d3d32956}</UniqueIdentifier>
    </Filter>
    <Filter Include="소스 파일\Practice_2">
      <UniqueIdentifier>{7e104a91-5d00-4eaa-a04b-12c5281e7e9d}</UniqueIdentifier>
    </Filter>
    <Filter Include="소스 파일\Practice_1">
      <UniqueIdentifier>{7a1b82e8-bbce-495b-9d35-ebca5abd1a91}</UniqueIdentifier>
    </Filter>
  </ItemGroup>
  <ItemGroup>
    <ClCompile Include="baekjoon1100.cpp">
      <Filter>소스 파일\Homework_1</Filter>
    </ClCompile>
    <ClCompile Include="baekjoon10250.cpp">
      <Filter>소스 파일\Homework_1</Filter>
    </ClCompile>
    <ClCompile Include="baekjoon13413.cpp">
      <Filter>소스 파일\Homework_1</Filter>
    </ClCompile>
    <ClCompile Include="test.cpp">
      <Filter>소스 파일\Homework_1</Filter>
    </ClCompile>
    <ClCompile Include="TU0071.cpp">
      <Filter>소스 파일\Homework_1</Filter>
    </ClCompile>
    <ClCompile Include="TU0079.cpp">
      <Filter>소스 파일\Homework_1</Filter>
    </ClCompile>
    <ClCompile Include="Programers17682.cpp">
      <Filter>소스 파일\Homework_1</Filter>
    </ClCompile>
    <ClCompile Include="baekjoon11047.cpp">
      <Filter>소스 파일\Homework_2</Filter>
    </ClCompile>
    <ClCompile Include="baekjoon2798.cpp">
      <Filter>소스 파일\Homework_2</Filter>
    </ClCompile>
    <ClCompile Include="TU0067.cpp">
      <Filter>소스 파일\Homework_2</Filter>
    </ClCompile>
    <ClCompile Include="Programers42862.cpp">
      <Filter>소스 파일\Homework_2</Filter>
    </ClCompile>
    <ClCompile Include="상하좌우.cpp">
      <Filter>소스 파일\Homework_2</Filter>
    </ClCompile>
    <ClCompile Include="왕실의 나이트.cpp">
      <Filter>소스 파일\Homework_2</Filter>
    </ClCompile>
    <ClCompile Include="TU0099.cpp">
      <Filter>소스 파일\Homework_2</Filter>
    </ClCompile>
    <ClCompile Include="TU0067-2.py">
      <Filter>소스 파일\Homework_2</Filter>
    </ClCompile>
    <ClCompile Include="baekjoon2178.cpp">
      <Filter>소스 파일\Practice_3</Filter>
    </ClCompile>
    <ClCompile Include="baekjoon1260%28bfs_dfs%29.cpp">
      <Filter>소스 파일\Homework_3</Filter>
    </ClCompile>
    <ClCompile Include="baekjonn4963.cpp">
      <Filter>소스 파일\Homework_3</Filter>
    </ClCompile>
    <ClCompile Include="얼려먹기.cpp">
      <Filter>소스 파일\Practice_3</Filter>
    </ClCompile>
    <ClCompile Include="미로탈출.cpp">
      <Filter>소스 파일\Practice_3</Filter>
    </ClCompile>
    <ClCompile Include="baekjoon1697숨박꼭질.cpp">
      <Filter>소스 파일\Homework_3</Filter>
    </ClCompile>
    <ClCompile Include="TU0045.cpp">
      <Filter>소스 파일\Homework_3</Filter>
    </ClCompile>
    <ClCompile Include="programers43164.cpp">
      <Filter>소스 파일\Homework_3</Filter>
    </ClCompile>
    <ClCompile Include="TU0045_중요한교차로_복습.cpp">
      <Filter>소스 파일\Homework_3</Filter>
    </ClCompile>
    <ClCompile Include="baekjoon1987.cpp">
      <Filter>소스 파일\Homework_3</Filter>
    </ClCompile>
    <ClCompile Include="baekjoon1991.cpp">
      <Filter>소스 파일\Homework_3</Filter>
    </ClCompile>
    <ClCompile Include="어피치라이언양궁.cpp">
      <Filter>소스 파일\Practice_3</Filter>
    </ClCompile>
    <ClCompile Include="Programers43165%28타겟넘버%29.cpp">
      <Filter>소스 파일\Practice_3</Filter>
    </ClCompile>
    <ClCompile Include="가장많이받은선물.cpp">
      <Filter>소스 파일\Practice_1</Filter>
    </ClCompile>
    <ClCompile Include="baekjoon5585거스름돈0.cpp">
      <Filter>소스 파일\Practice_2</Filter>
    </ClCompile>
    <ClCompile Include="baekjoon16963AtoB.cpp">
      <Filter>소스 파일\Practice_2</Filter>
    </ClCompile>
    <ClCompile Include="카드뭉치코인programers.cpp">
      <Filter>소스 파일\Practice_2</Filter>
    </ClCompile>
    <ClCompile Include="programers재밌는레이싱_순열사용시간초.cpp">
      <Filter>소스 파일\Practice_2</Filter>
    </ClCompile>
  </ItemGroup>
</Project>